
Microsoft Visual Studio Solution File, Format Version 12.00
# Visual Studio Version 16
VisualStudioVersion = 16.0.30503.244
MinimumVisualStudioVersion = 10.0.40219.1
Project("{8BC9CEB8-8B4A-11D0-8D11-00A0C91BC942}") = "Tarea02_ModoConsola_Gabriel_Sam_1037420", "Tarea02_ModoConsola_Gabriel_Sam_1037420\Tarea02_ModoConsola_Gabriel_Sam_1037420.vcxproj", "{DB731CD8-74E5-40DE-9015-56C708086CD3}"
EndProject
Global
	GlobalSection(SolutionConfigurationPlatforms) = preSolution
		Debug|x64 = Debug|x64
		Debug|x86 = Debug|x86
		Release|x64 = Release|x64
		Release|x86 = Release|x86
	EndGlobalSection
	GlobalSection(ProjectConfigurationPlatforms) = postSolution
		{DB731CD8-74E5-40DE-9015-56C708086CD3}.Debug|x64.ActiveCfg = Debug|x64
		{DB731CD8-74E5-40DE-9015-56C708086CD3}.Debug|x64.Build.0 = Debug|x64
		{DB731CD8-74E5-40DE-9015-56C708086CD3}.Debug|x86.ActiveCfg = Debug|Win32
		{DB731CD8-74E5-40DE-9015-56C708086CD3}.Debug|x86.Build.0 = Debug|Win32
		{DB731CD8-74E5-40DE-9015-56C708086CD3}.Release|x64.ActiveCfg = Release|x64
		{DB731CD8-74E5-40DE-9015-56C708086CD3}.Release|x64.Build.0 = Release|x64
		{DB731CD8-74E5-40DE-9015-56C708086CD3}.Release|x86.ActiveCfg = Release|Win32
		{DB731CD8-74E5-40DE-9015-56C708086CD3}.Release|x86.Build.0 = Release|Win32
	EndGlobalSection
	GlobalSection(SolutionProperties) = preSolution
		HideSolutionNode = FALSE
	EndGlobalSection
	GlobalSection(ExtensibilityGlobals) = postSolution
		SolutionGuid = {6D283144-8E3D-426F-A64C-5885734E8D35}
	EndGlobalSection
EndGlobal
